
Microsoft Visual Studio Solution File, Format Version 12.00
# Visual Studio Version 16
VisualStudioVersion = 16.0.28803.156
MinimumVisualStudioVersion = 10.0.40219.1
Project("{FAE04EC0-301F-11D3-BF4B-00C04F79EFBC}") = "FlowerShop", "FlowerShop\FlowerShop.csproj", "{68CBDDCD-4C1E-4783-9342-674CBABABE45}"
EndProject
Global
	GlobalSection(SolutionConfigurationPlatforms) = preSolution
		Debug|Any CPU = Debug|Any CPU
		Release|Any CPU = Release|Any CPU
	EndGlobalSection
	GlobalSection(ProjectConfigurationPlatforms) = postSolution
		{68CBDDCD-4C1E-4783-9342-674CBABABE45}.Debug|Any CPU.ActiveCfg = Debug|Any CPU
		{68CBDDCD-4C1E-4783-9342-674CBABABE45}.Debug|Any CPU.Build.0 = Debug|Any CPU
		{68CBDDCD-4C1E-4783-9342-674CBABABE45}.Release|Any CPU.ActiveCfg = Release|Any CPU
		{68CBDDCD-4C1E-4783-9342-674CBABABE45}.Release|Any CPU.Build.0 = Release|Any CPU
	EndGlobalSection
	GlobalSection(SolutionProperties) = preSolution
		HideSolutionNode = FALSE
	EndGlobalSection
	GlobalSection(ExtensibilityGlobals) = postSolution
		SolutionGuid = {B7772D4B-20F1-4F36-AB6E-C252F1D4172C}
	EndGlobalSection
EndGlobal
